// !$*UTF8*$!
{
	archiveVersion = 1;
	classes = {
	};
	objectVersion = 46;
	objects = {

/* Begin PBXBuildFile section */
		215A2D281A57CAC300F69582 /* main.m in Sources */ = {isa = PBXBuildFile; fileRef = 215A2D271A57CAC300F69582 /* main.m */; };
		215A2D2B1A57CAC300F69582 /* AppDelegate.m in Sources */ = {isa = PBXBuildFile; fileRef = 215A2D2A1A57CAC300F69582 /* AppDelegate.m */; };
		215A2D2E1A57CAC300F69582 /* ViewController.m in Sources */ = {isa = PBXBuildFile; fileRef = 215A2D2D1A57CAC300F69582 /* ViewController.m */; };
		215A2D311A57CAC300F69582 /* Main.storyboard in Resources */ = {isa = PBXBuildFile; fileRef = 215A2D2F1A57CAC300F69582 /* Main.storyboard */; };
		215A2D331A57CAC300F69582 /* Images.xcassets in Resources */ = {isa = PBXBuildFile; fileRef = 215A2D321A57CAC300F69582 /* Images.xcassets */; };
		215A2D361A57CAC300F69582 /* LaunchScreen.xib in Resources */ = {isa = PBXBuildFile; fileRef = 215A2D341A57CAC300F69582 /* LaunchScreen.xib */; };
		215A2D421A57CAC300F69582 /* HypnoNerdTests.m in Sources */ = {isa = PBXBuildFile; fileRef = 215A2D411A57CAC300F69582 /* HypnoNerdTests.m */; };
		215A2D4D1A57CB4F00F69582 /* BNRHypnosisView.m in Sources */ = {isa = PBXBuildFile; fileRef = 215A2D4C1A57CB4F00F69582 /* BNRHypnosisView.m */; };
		215A2D501A57CCC000F69582 /* BNRHypnosisViewController.m in Sources */ = {isa = PBXBuildFile; fileRef = 215A2D4F1A57CCC000F69582 /* BNRHypnosisViewController.m */; };
		215A2D531A58CE9F00F69582 /* BNRReminderViewController.m in Sources */ = {isa = PBXBuildFile; fileRef = 215A2D521A58CE9F00F69582 /* BNRReminderViewController.m */; };
/* End PBXBuildFile section */

/* Begin PBXContainerItemProxy section */
		215A2D3C1A57CAC300F69582 /* PBXContainerItemProxy */ = {
			isa = PBXContainerItemProxy;
			containerPortal = 215A2D1A1A57CAC300F69582 /* Project object */;
			proxyType = 1;
			remoteGlobalIDString = 215A2D211A57CAC300F69582;
			remoteInfo = HypnoNerd;
		};
/* End PBXContainerItemProxy section */

/* Begin PBXFileReference section */
		215A2D221A57CAC300F69582 /* HypnoNerd.app */ = {isa = PBXFileReference; explicitFileType = wrapper.application; includeInIndex = 0; path = HypnoNerd.app; sourceTree = BUILT_PRODUCTS_DIR; };
		215A2D261A57CAC300F69582 /* Info.plist */ = {isa = PBXFileReference; lastKnownFileType = text.plist.xml; path = Info.plist; sourceTree = "<group>"; };
		215A2D271A57CAC300F69582 /* main.m */ = {isa = PBXFileReference; lastKnownFileType = sourcecode.c.objc; path = main.m; sourceTree = "<group>"; };
		215A2D291A57CAC300F69582 /* AppDelegate.h */ = {isa = PBXFileReference; lastKnownFileType = sourcecode.c.h; path = AppDelegate.h; sourceTree = "<group>"; };
		215A2D2A1A57CAC300F69582 /* AppDelegate.m */ = {isa = PBXFileReference; lastKnownFileType = sourcecode.c.objc; path = AppDelegate.m; sourceTree = "<group>"; };
		215A2D2C1A57CAC300F69582 /* ViewController.h */ = {isa = PBXFileReference; lastKnownFileType = sourcecode.c.h; path = ViewController.h; sourceTree = "<group>"; };
		215A2D2D1A57CAC300F69582 /* ViewController.m */ = {isa = PBXFileReference; lastKnownFileType = sourcecode.c.objc; path = ViewController.m; sourceTree = "<group>"; };
		215A2D301A57CAC300F69582 /* Base */ = {isa = PBXFileReference; lastKnownFileType = file.storyboard; name = Base; path = Base.lproj/Main.storyboard; sourceTree = "<group>"; };
		215A2D321A57CAC300F69582 /* Images.xcassets */ = {isa = PBXFileReference; lastKnownFileType = folder.assetcatalog; path = Images.xcassets; sourceTree = "<group>"; };
		215A2D351A57CAC300F69582 /* Base */ = {isa = PBXFileReference; lastKnownFileType = file.xib; name = Base; path = Base.lproj/LaunchScreen.xib; sourceTree = "<group>"; };
		215A2D3B1A57CAC300F69582 /* HypnoNerdTests.xctest */ = {isa = PBXFileReference; explicitFileType = wrapper.cfbundle; includeInIndex = 0; path = HypnoNerdTests.xctest; sourceTree = BUILT_PRODUCTS_DIR; };
		215A2D401A57CAC300F69582 /* Info.plist */ = {isa = PBXFileReference; lastKnownFileType = text.plist.xml; path = Info.plist; sourceTree = "<group>"; };
		215A2D411A57CAC300F69582 /* HypnoNerdTests.m */ = {isa = PBXFileReference; lastKnownFileType = sourcecode.c.objc; path = HypnoNerdTests.m; sourceTree = "<group>"; };
		215A2D4B1A57CB4F00F69582 /* BNRHypnosisView.h */ = {isa = PBXFileReference; fileEncoding = 4; lastKnownFileType = sourcecode.c.h; path = BNRHypnosisView.h; sourceTree = "<group>"; };
		215A2D4C1A57CB4F00F69582 /* BNRHypnosisView.m */ = {isa = PBXFileReference; fileEncoding = 4; lastKnownFileType = sourcecode.c.objc; path = BNRHypnosisView.m; sourceTree = "<group>"; };
		215A2D4E1A57CCC000F69582 /* BNRHypnosisViewController.h */ = {isa = PBXFileReference; fileEncoding = 4; lastKnownFileType = sourcecode.c.h; path = BNRHypnosisViewController.h; sourceTree = "<group>"; };
		215A2D4F1A57CCC000F69582 /* BNRHypnosisViewController.m */ = {isa = PBXFileReference; fileEncoding = 4; lastKnownFileType = sourcecode.c.objc; path = BNRHypnosisViewController.m; sourceTree = "<group>"; };
		215A2D511A58CE9F00F69582 /* BNRReminderViewController.h */ = {isa = PBXFileReference; fileEncoding = 4; lastKnownFileType = sourcecode.c.h; path = BNRReminderViewController.h; sourceTree = "<group>"; };
		215A2D521A58CE9F00F69582 /* BNRReminderViewController.m */ = {isa = PBXFileReference; fileEncoding = 4; lastKnownFileType = sourcecode.c.objc; path = BNRReminderViewController.m; sourceTree = "<group>"; };
/* End PBXFileReference section */

/* Begin PBXFrameworksBuildPhase section */
		215A2D1F1A57CAC300F69582 /* Frameworks */ = {
			isa = PBXFrameworksBuildPhase;
			buildActionMask = 2147483647;
			files = (
			);
			runOnlyForDeploymentPostprocessing = 0;
		};
		215A2D381A57CAC300F69582 /* Frameworks */ = {
			isa = PBXFrameworksBuildPhase;
			buildActionMask = 2147483647;
			files = (
			);
			runOnlyForDeploymentPostprocessing = 0;
		};
/* End PBXFrameworksBuildPhase section */

/* Begin PBXGroup section */
		215A2D191A57CAC300F69582 = {
			isa = PBXGroup;
			children = (
				215A2D241A57CAC300F69582 /* HypnoNerd */,
				215A2D3E1A57CAC300F69582 /* HypnoNerdTests */,
				215A2D231A57CAC300F69582 /* Products */,
			);
			sourceTree = "<group>";
		};
		215A2D231A57CAC300F69582 /* Products */ = {
			isa = PBXGroup;
			children = (
				215A2D221A57CAC300F69582 /* HypnoNerd.app */,
				215A2D3B1A57CAC300F69582 /* HypnoNerdTests.xctest */,
			);
			name = Products;
			sourceTree = "<group>";
		};
		215A2D241A57CAC300F69582 /* HypnoNerd */ = {
			isa = PBXGroup;
			children = (
				215A2D291A57CAC300F69582 /* AppDelegate.h */,
				215A2D2A1A57CAC300F69582 /* AppDelegate.m */,
				215A2D2C1A57CAC300F69582 /* ViewController.h */,
				215A2D4B1A57CB4F00F69582 /* BNRHypnosisView.h */,
				215A2D4C1A57CB4F00F69582 /* BNRHypnosisView.m */,
				215A2D511A58CE9F00F69582 /* BNRReminderViewController.h */,
				215A2D521A58CE9F00F69582 /* BNRReminderViewController.m */,
				215A2D4E1A57CCC000F69582 /* BNRHypnosisViewController.h */,
				215A2D4F1A57CCC000F69582 /* BNRHypnosisViewController.m */,
				215A2D2D1A57CAC300F69582 /* ViewController.m */,
				215A2D2F1A57CAC300F69582 /* Main.storyboard */,
				215A2D321A57CAC300F69582 /* Images.xcassets */,
				215A2D341A57CAC300F69582 /* LaunchScreen.xib */,
				215A2D251A57CAC300F69582 /* Supporting Files */,
			);
			path = HypnoNerd;
			sourceTree = "<group>";
		};
		215A2D251A57CAC300F69582 /* Supporting Files */ = {
			isa = PBXGroup;
			children = (
				215A2D261A57CAC300F69582 /* Info.plist */,
				215A2D271A57CAC300F69582 /* main.m */,
			);
			name = "Supporting Files";
			sourceTree = "<group>";
		};
		215A2D3E1A57CAC300F69582 /* HypnoNerdTests */ = {
			isa = PBXGroup;
			children = (
				215A2D411A57CAC300F69582 /* HypnoNerdTests.m */,
				215A2D3F1A57CAC300F69582 /* Supporting Files */,
			);
			path = HypnoNerdTests;
			sourceTree = "<group>";
		};
		215A2D3F1A57CAC300F69582 /* Supporting Files */ = {
			isa = PBXGroup;
			children = (
				215A2D401A57CAC300F69582 /* Info.plist */,
			);
			name = "Supporting Files";
			sourceTree = "<group>";
		};
/* End PBXGroup section */

/* Begin PBXNativeTarget section */
		215A2D211A57CAC300F69582 /* HypnoNerd */ = {
			isa = PBXNativeTarget;
			buildConfigurationList = 215A2D451A57CAC300F69582 /* Build configuration list for PBXNativeTarget "HypnoNerd" */;
			buildPhases = (
				215A2D1E1A57CAC300F69582 /* Sources */,
				215A2D1F1A57CAC300F69582 /* Frameworks */,
				215A2D201A57CAC300F69582 /* Resources */,
			);
			buildRules = (
			);
			dependencies = (
			);
			name = HypnoNerd;
			productName = HypnoNerd;
			productReference = 215A2D221A57CAC300F69582 /* HypnoNerd.app */;
			productType = "com.apple.product-type.application";
		};
		215A2D3A1A57CAC300F69582 /* HypnoNerdTests */ = {
			isa = PBXNativeTarget;
			buildConfigurationList = 215A2D481A57CAC300F69582 /* Build configuration list for PBXNativeTarget "HypnoNerdTests" */;
			buildPhases = (
				215A2D371A57CAC300F69582 /* Sources */,
				215A2D381A57CAC300F69582 /* Frameworks */,
				215A2D391A57CAC300F69582 /* Resources */,
			);
			buildRules = (
			);
			dependencies = (
				215A2D3D1A57CAC300F69582 /* PBXTargetDependency */,
			);
			name = HypnoNerdTests;
			productName = HypnoNerdTests;
			productReference = 215A2D3B1A57CAC300F69582 /* HypnoNerdTests.xctest */;
			productType = "com.apple.product-type.bundle.unit-test";
		};
/* End PBXNativeTarget section */

/* Begin PBXProject section */
		215A2D1A1A57CAC300F69582 /* Project object */ = {
			isa = PBXProject;
			attributes = {
				LastUpgradeCheck = 0610;
				ORGANIZATIONNAME = Glenn;
				TargetAttributes = {
					215A2D211A57CAC300F69582 = {
						CreatedOnToolsVersion = 6.1.1;
					};
					215A2D3A1A57CAC300F69582 = {
						CreatedOnToolsVersion = 6.1.1;
						TestTargetID = 215A2D211A57CAC300F69582;
					};
				};
			};
			buildConfigurationList = 215A2D1D1A57CAC300F69582 /* Build configuration list for PBXProject "HypnoNerd" */;
			compatibilityVersion = "Xcode 3.2";
			developmentRegion = English;
			hasScannedForEncodings = 0;
			knownRegions = (
				en,
				Base,
			);
			mainGroup = 215A2D191A57CAC300F69582;
			productRefGroup = 215A2D231A57CAC300F69582 /* Products */;
			projectDirPath = "";
			projectRoot = "";
			targets = (
				215A2D211A57CAC300F69582 /* HypnoNerd */,
				215A2D3A1A57CAC300F69582 /* HypnoNerdTests */,
			);
		};
/* End PBXProject section */

/* Begin PBXResourcesBuildPhase section */
		215A2D201A57CAC300F69582 /* Resources */ = {
			isa = PBXResourcesBuildPhase;
			buildActionMask = 2147483647;
			files = (
				215A2D311A57CAC300F69582 /* Main.storyboard in Resources */,
				215A2D361A57CAC300F69582 /* LaunchScreen.xib in Resources */,
				215A2D331A57CAC300F69582 /* Images.xcassets in Resources */,
			);
			runOnlyForDeploymentPostprocessing = 0;
		};
		215A2D391A57CAC300F69582 /* Resources */ = {
			isa = PBXResourcesBuildPhase;
			buildActionMask = 2147483647;
			files = (
			);
			runOnlyForDeploymentPostprocessing = 0;
		};
/* End PBXResourcesBuildPhase section */

/* Begin PBXSourcesBuildPhase section */
		215A2D1E1A57CAC300F69582 /* Sources */ = {
			isa = PBXSourcesBuildPhase;
			buildActionMask = 2147483647;
			files = (
				215A2D2E1A57CAC300F69582 /* ViewController.m in Sources */,
				215A2D531A58CE9F00F69582 /* BNRReminderViewController.m in Sources */,
				215A2D2B1A57CAC300F69582 /* AppDelegate.m in Sources */,
				215A2D4D1A57CB4F00F69582 /* BNRHypnosisView.m in Sources */,
				215A2D281A57CAC300F69582 /* main.m in Sources */,
				215A2D501A57CCC000F69582 /* BNRHypnosisViewController.m in Sources */,
			);
			runOnlyForDeploymentPostprocessing = 0;
		};
		215A2D371A57CAC300F69582 /* Sources */ = {
			isa = PBXSourcesBuildPhase;
			buildActionMask = 2147483647;
			files = (
				215A2D421A57CAC300F69582 /* HypnoNerdTests.m in Sources */,
			);
			runOnlyForDeploymentPostprocessing = 0;
		};
/* End PBXSourcesBuildPhase section */

/* Begin PBXTargetDependency section */
		215A2D3D1A57CAC300F69582 /* PBXTargetDependency */ = {
			isa = PBXTargetDependency;
			target = 215A2D211A57CAC300F69582 /* HypnoNerd */;
			targetProxy = 215A2D3C1A57CAC300F69582 /* PBXContainerItemProxy */;
		};
/* End PBXTargetDependency section */

/* Begin PBXVariantGroup section */
		215A2D2F1A57CAC300F69582 /* Main.storyboard */ = {
			isa = PBXVariantGroup;
			children = (
				215A2D301A57CAC300F69582 /* Base */,
			);
			name = Main.storyboard;
			sourceTree = "<group>";
		};
		215A2D341A57CAC300F69582 /* LaunchScreen.xib */ = {
			isa = PBXVariantGroup;
			children = (
				215A2D351A57CAC300F69582 /* Base */,
			);
			name = LaunchScreen.xib;
			sourceTree = "<group>";
		};
/* End PBXVariantGroup section */

/* Begin XCBuildConfiguration section */
		215A2D431A57CAC300F69582 /* Debug */ = {
			isa = XCBuildConfiguration;
			buildSettings = {
				ALWAYS_SEARCH_USER_PATHS = NO;
				CLANG_CXX_LANGUAGE_STANDARD = "gnu++0x";
				CLANG_CXX_LIBRARY = "libc++";
				CLANG_ENABLE_MODULES = YES;
				CLANG_ENABLE_OBJC_ARC = YES;
				CLANG_WARN_BOOL_CONVERSION = YES;
				CLANG_WARN_CONSTANT_CONVERSION = YES;
				CLANG_WARN_DIRECT_OBJC_ISA_USAGE = YES_ERROR;
				CLANG_WARN_EMPTY_BODY = YES;
				CLANG_WARN_ENUM_CONVERSION = YES;
				CLANG_WARN_INT_CONVERSION = YES;
				CLANG_WARN_OBJC_ROOT_CLASS = YES_ERROR;
				CLANG_WARN_UNREACHABLE_CODE = YES;
				CLANG_WARN__DUPLICATE_METHOD_MATCH = YES;
				"CODE_SIGN_IDENTITY[sdk=iphoneos*]" = "iPhone Developer";
				COPY_PHASE_STRIP = NO;
				ENABLE_STRICT_OBJC_MSGSEND = YES;
				GCC_C_LANGUAGE_STANDARD = gnu99;
				GCC_DYNAMIC_NO_PIC = NO;
				GCC_OPTIMIZATION_LEVEL = 0;
				GCC_PREPROCESSOR_DEFINITIONS = (
					"DEBUG=1",
					"$(inherited)",
				);
				GCC_SYMBOLS_PRIVATE_EXTERN = NO;
				GCC_WARN_64_TO_32_BIT_CONVERSION = YES;
				GCC_WARN_ABOUT_RETURN_TYPE = YES_ERROR;
				GCC_WARN_UNDECLARED_SELECTOR = YES;
				GCC_WARN_UNINITIALIZED_AUTOS = YES_AGGRESSIVE;
				GCC_WARN_UNUSED_FUNCTION = YES;
				GCC_WARN_UNUSED_VARIABLE = YES;
				IPHONEOS_DEPLOYMENT_TARGET = 8.1;
				MTL_ENABLE_DEBUG_INFO = YES;
				ONLY_ACTIVE_ARCH = YES;
				SDKROOT = iphoneos;
			};
			name = Debug;
		};
		215A2D441A57CAC300F69582 /* Release */ = {
			isa = XCBuildConfiguration;
			buildSettings = {
				ALWAYS_SEARCH_USER_PATHS = NO;
				CLANG_CXX_LANGUAGE_STANDARD = "gnu++0x";
				CLANG_CXX_LIBRARY = "libc++";
				CLANG_ENABLE_MODULES = YES;
				CLANG_ENABLE_OBJC_ARC = YES;
				CLANG_WARN_BOOL_CONVERSION = YES;
				CLANG_WARN_CONSTANT_CONVERSION = YES;
				CLANG_WARN_DIRECT_OBJC_ISA_USAGE = YES_ERROR;
				CLANG_WARN_EMPTY_BODY = YES;
				CLANG_WARN_ENUM_CONVERSION = YES;
				CLANG_WARN_INT_CONVERSION = YES;
				CLANG_WARN_OBJC_ROOT_CLASS = YES_ERROR;
				CLANG_WARN_UNREACHABLE_CODE = YES;
				CLANG_WARN__DUPLICATE_METHOD_MATCH = YES;
				"CODE_SIGN_IDENTITY[sdk=iphoneos*]" = "iPhone Developer";
				COPY_PHASE_STRIP = YES;
				ENABLE_NS_ASSERTIONS = NO;
				ENABLE_STRICT_OBJC_MSGSEND = YES;
				GCC_C_LANGUAGE_STANDARD = gnu99;
				GCC_WARN_64_TO_32_BIT_CONVERSION = YES;
				GCC_WARN_ABOUT_RETURN_TYPE = YES_ERROR;
				GCC_WARN_UNDECLARED_SELECTOR = YES;
				GCC_WARN_UNINITIALIZED_AUTOS = YES_AGGRESSIVE;
				GCC_WARN_UNUSED_FUNCTION = YES;
				GCC_WARN_UNUSED_VARIABLE = YES;
				IPHONEOS_DEPLOYMENT_TARGET = 8.1;
				MTL_ENABLE_DEBUG_INFO = NO;
				SDKROOT = iphoneos;
				VALIDATE_PRODUCT = YES;
			};
			name = Release;
		};
		215A2D461A57CAC300F69582 /* Debug */ = {
			isa = XCBuildConfiguration;
			buildSettings = {
				ASSETCATALOG_COMPILER_APPICON_NAME = AppIcon;
				INFOPLIST_FILE = HypnoNerd/Info.plist;
				LD_RUNPATH_SEARCH_PATHS = "$(inherited) @executable_path/Frameworks";
				PRODUCT_NAME = "$(TARGET_NAME)";
			};
			name = Debug;
		};
		215A2D471A57CAC300F69582 /* Release */ = {
			isa = XCBuildConfiguration;
			buildSettings = {
				ASSETCATALOG_COMPILER_APPICON_NAME = AppIcon;
				INFOPLIST_FILE = HypnoNerd/Info.plist;
				LD_RUNPATH_SEARCH_PATHS = "$(inherited) @executable_path/Frameworks";
				PRODUCT_NAME = "$(TARGET_NAME)";
			};
			name = Release;
		};
		215A2D491A57CAC300F69582 /* Debug */ = {
			isa = XCBuildConfiguration;
			buildSettings = {
				BUNDLE_LOADER = "$(TEST_HOST)";
				FRAMEWORK_SEARCH_PATHS = (
					"$(SDKROOT)/Developer/Library/Frameworks",
					"$(inherited)",
				);
				GCC_PREPROCESSOR_DEFINITIONS = (
					"DEBUG=1",
					"$(inherited)",
				);
				INFOPLIST_FILE = HypnoNerdTests/Info.plist;
				LD_RUNPATH_SEARCH_PATHS = "$(inherited) @executable_path/Frameworks @loader_path/Frameworks";
				PRODUCT_NAME = "$(TARGET_NAME)";
				TEST_HOST = "$(BUILT_PRODUCTS_DIR)/HypnoNerd.app/HypnoNerd";
			};
			name = Debug;
		};
		215A2D4A1A57CAC300F69582 /* Release */ = {
			isa = XCBuildConfiguration;
			buildSettings = {
				BUNDLE_LOADER = "$(TEST_HOST)";
				FRAMEWORK_SEARCH_PATHS = (
					"$(SDKROOT)/Developer/Library/Frameworks",
					"$(inherited)",
				);
				INFOPLIST_FILE = HypnoNerdTests/Info.plist;
				LD_RUNPATH_SEARCH_PATHS = "$(inherited) @executable_path/Frameworks @loader_path/Frameworks";
				PRODUCT_NAME = "$(TARGET_NAME)";
				TEST_HOST = "$(BUILT_PRODUCTS_DIR)/HypnoNerd.app/HypnoNerd";
			};
			name = Release;
		};
/* End XCBuildConfiguration section */

/* Begin XCConfigurationList section */
		215A2D1D1A57CAC300F69582 /* Build configuration list for PBXProject "HypnoNerd" */ = {
			isa = XCConfigurationList;
			buildConfigurations = (
				215A2D431A57CAC300F69582 /* Debug */,
				215A2D441A57CAC300F69582 /* Release */,
			);
			defaultConfigurationIsVisible = 0;
			defaultConfigurationName = Release;
		};
		215A2D451A57CAC300F69582 /* Build configuration list for PBXNativeTarget "HypnoNerd" */ = {
			isa = XCConfigurationList;
			buildConfigurations = (
				215A2D461A57CAC300F69582 /* Debug */,
				215A2D471A57CAC300F69582 /* Release */,
			);
			defaultConfigurationIsVisible = 0;
		};
		215A2D481A57CAC300F69582 /* Build configuration list for PBXNativeTarget "HypnoNerdTests" */ = {
			isa = XCConfigurationList;
			buildConfigurations = (
				215A2D491A57CAC300F69582 /* Debug */,
				215A2D4A1A57CAC300F69582 /* Release */,
			);
			defaultConfigurationIsVisible = 0;
		};
/* End XCConfigurationList section */
	};
	rootObject = 215A2D1A1A57CAC300F69582 /* Project object */;
}
